
Microsoft Visual Studio Solution File, Format Version 11.00
# Visual Studio 2010
Project("{FAE04EC0-301F-11D3-BF4B-00C04F79EFBC}") = "ZuneSocialTagger.Core", "src\ZuneSocialTagger.Core\ZuneSocialTagger.Core.csproj", "{C5F5D93F-50BC-4BE1-9594-5D3D3CB5BCE6}"
EndProject
Project("{FAE04EC0-301F-11D3-BF4B-00C04F79EFBC}") = "ZuneSocialTagger.GUI", "src\ZuneSocialTagger.GUI\ZuneSocialTagger.GUI.csproj", "{7F663811-0888-47E0-A1DC-0A067DAFA144}"
EndProject
Project("{FAE04EC0-301F-11D3-BF4B-00C04F79EFBC}") = "ZuneSocialTagger.Tests", "src\ZuneSocialTagger.Tests\ZuneSocialTagger.Tests.csproj", "{F1AC70D5-830C-414C-8E7E-35E3B53E5B1D}"
EndProject
Global
	GlobalSection(SolutionConfigurationPlatforms) = preSolution
		Debug|Any CPU = Debug|Any CPU
		Debug|x86 = Debug|x86
		Release|Any CPU = Release|Any CPU
		Release|x86 = Release|x86
	EndGlobalSection
	GlobalSection(ProjectConfigurationPlatforms) = postSolution
		{C5F5D93F-50BC-4BE1-9594-5D3D3CB5BCE6}.Debug|Any CPU.ActiveCfg = Debug|Any CPU
		{C5F5D93F-50BC-4BE1-9594-5D3D3CB5BCE6}.Debug|Any CPU.Build.0 = Debug|Any CPU
		{C5F5D93F-50BC-4BE1-9594-5D3D3CB5BCE6}.Debug|x86.ActiveCfg = Debug|x86
		{C5F5D93F-50BC-4BE1-9594-5D3D3CB5BCE6}.Debug|x86.Build.0 = Debug|x86
		{C5F5D93F-50BC-4BE1-9594-5D3D3CB5BCE6}.Release|Any CPU.ActiveCfg = Release|Any CPU
		{C5F5D93F-50BC-4BE1-9594-5D3D3CB5BCE6}.Release|Any CPU.Build.0 = Release|Any CPU
		{C5F5D93F-50BC-4BE1-9594-5D3D3CB5BCE6}.Release|x86.ActiveCfg = Release|x86
		{C5F5D93F-50BC-4BE1-9594-5D3D3CB5BCE6}.Release|x86.Build.0 = Release|x86
		{7F663811-0888-47E0-A1DC-0A067DAFA144}.Debug|Any CPU.ActiveCfg = Debug|Any CPU
		{7F663811-0888-47E0-A1DC-0A067DAFA144}.Debug|Any CPU.Build.0 = Debug|Any CPU
		{7F663811-0888-47E0-A1DC-0A067DAFA144}.Debug|x86.ActiveCfg = Debug|x86
		{7F663811-0888-47E0-A1DC-0A067DAFA144}.Debug|x86.Build.0 = Debug|x86
		{7F663811-0888-47E0-A1DC-0A067DAFA144}.Release|Any CPU.ActiveCfg = Release|Any CPU
		{7F663811-0888-47E0-A1DC-0A067DAFA144}.Release|Any CPU.Build.0 = Release|Any CPU
		{7F663811-0888-47E0-A1DC-0A067DAFA144}.Release|x86.ActiveCfg = Release|x86
		{7F663811-0888-47E0-A1DC-0A067DAFA144}.Release|x86.Build.0 = Release|x86
		{F1AC70D5-830C-414C-8E7E-35E3B53E5B1D}.Debug|Any CPU.ActiveCfg = Debug|x86
		{F1AC70D5-830C-414C-8E7E-35E3B53E5B1D}.Debug|x86.ActiveCfg = Debug|x86
		{F1AC70D5-830C-414C-8E7E-35E3B53E5B1D}.Debug|x86.Build.0 = Debug|x86
		{F1AC70D5-830C-414C-8E7E-35E3B53E5B1D}.Release|Any CPU.ActiveCfg = Release|x86
		{F1AC70D5-830C-414C-8E7E-35E3B53E5B1D}.Release|Any CPU.Build.0 = Release|x86
		{F1AC70D5-830C-414C-8E7E-35E3B53E5B1D}.Release|x86.ActiveCfg = Release|x86
		{F1AC70D5-830C-414C-8E7E-35E3B53E5B1D}.Release|x86.Build.0 = Release|x86
	EndGlobalSection
	GlobalSection(SolutionProperties) = preSolution
		HideSolutionNode = FALSE
	EndGlobalSection
EndGlobal
